
Microsoft Visual Studio Solution File, Format Version 12.00
# Visual Studio Version 17
VisualStudioVersion = 17.10.35027.167
MinimumVisualStudioVersion = 10.0.40219.1
Project("{9A19103F-16F7-4668-BE54-9A1E7A4F7556}") = "TravelMate2", "TravelMate2.csproj", "{3F7518D9-9BDD-472A-A139-414C3559B642}"
EndProject
Global
	GlobalSection(SolutionConfigurationPlatforms) = preSolution
		Debug|Any CPU = Debug|Any CPU
		Release|Any CPU = Release|Any CPU
	EndGlobalSection
	GlobalSection(ProjectConfigurationPlatforms) = postSolution
		{3F7518D9-9BDD-472A-A139-414C3559B642}.Debug|Any CPU.ActiveCfg = Debug|Any CPU
		{3F7518D9-9BDD-472A-A139-414C3559B642}.Debug|Any CPU.Build.0 = Debug|Any CPU
		{3F7518D9-9BDD-472A-A139-414C3559B642}.Release|Any CPU.ActiveCfg = Release|Any CPU
		{3F7518D9-9BDD-472A-A139-414C3559B642}.Release|Any CPU.Build.0 = Release|Any CPU
	EndGlobalSection
	GlobalSection(SolutionProperties) = preSolution
		HideSolutionNode = FALSE
	EndGlobalSection
	GlobalSection(ExtensibilityGlobals) = postSolution
		SolutionGuid = {946E2498-2363-4CBE-9632-A6C7DFBCA9FC}
	EndGlobalSection
EndGlobal
